// !$*UTF8*$!
{
	archiveVersion = 1;
	classes = {
	};
	objectVersion = 56;
	objects = {

/* Begin PBXBuildFile section */
		BB67C13429C2199E0093871B /* AppDelegate.swift in Sources */ = {isa = PBXBuildFile; fileRef = BB67C13329C2199E0093871B /* AppDelegate.swift */; };
		BB67C13629C2199E0093871B /* SceneDelegate.swift in Sources */ = {isa = PBXBuildFile; fileRef = BB67C13529C2199E0093871B /* SceneDelegate.swift */; };
		BB67C13B29C2199E0093871B /* Main.storyboard in Resources */ = {isa = PBXBuildFile; fileRef = BB67C13929C2199E0093871B /* Main.storyboard */; };
		BB67C13D29C2199F0093871B /* Assets.xcassets in Resources */ = {isa = PBXBuildFile; fileRef = BB67C13C29C2199F0093871B /* Assets.xcassets */; };
		BB67C14029C2199F0093871B /* LaunchScreen.storyboard in Resources */ = {isa = PBXBuildFile; fileRef = BB67C13E29C2199F0093871B /* LaunchScreen.storyboard */; };
		BB67C14829C220830093871B /* LoginViewController.swift in Sources */ = {isa = PBXBuildFile; fileRef = BB67C14729C220830093871B /* LoginViewController.swift */; };
		BB67C14A29C220950093871B /* SignupViewController.swift in Sources */ = {isa = PBXBuildFile; fileRef = BB67C14929C220950093871B /* SignupViewController.swift */; };
		BB67C14C29C220B00093871B /* ForgetPasswordViewController.swift in Sources */ = {isa = PBXBuildFile; fileRef = BB67C14B29C220B00093871B /* ForgetPasswordViewController.swift */; };
		BB67C14E29C220D60093871B /* UpdatePasswordViewController.swift in Sources */ = {isa = PBXBuildFile; fileRef = BB67C14D29C220D60093871B /* UpdatePasswordViewController.swift */; };
		BB67C15029C221060093871B /* ListOfUsersAfterLoginTableViewController.swift in Sources */ = {isa = PBXBuildFile; fileRef = BB67C14F29C221060093871B /* ListOfUsersAfterLoginTableViewController.swift */; };
		BB67C15229C226AB0093871B /* User.swift in Sources */ = {isa = PBXBuildFile; fileRef = BB67C15129C226AB0093871B /* User.swift */; };
/* End PBXBuildFile section */

/* Begin PBXFileReference section */
		BB67C13029C2199E0093871B /* Alireza.app */ = {isa = PBXFileReference; explicitFileType = wrapper.application; includeInIndex = 0; path = Alireza.app; sourceTree = BUILT_PRODUCTS_DIR; };
		BB67C13329C2199E0093871B /* AppDelegate.swift */ = {isa = PBXFileReference; lastKnownFileType = sourcecode.swift; path = AppDelegate.swift; sourceTree = "<group>"; };
		BB67C13529C2199E0093871B /* SceneDelegate.swift */ = {isa = PBXFileReference; lastKnownFileType = sourcecode.swift; path = SceneDelegate.swift; sourceTree = "<group>"; };
		BB67C13A29C2199E0093871B /* Base */ = {isa = PBXFileReference; lastKnownFileType = file.storyboard; name = Base; path = Base.lproj/Main.storyboard; sourceTree = "<group>"; };
		BB67C13C29C2199F0093871B /* Assets.xcassets */ = {isa = PBXFileReference; lastKnownFileType = folder.assetcatalog; path = Assets.xcassets; sourceTree = "<group>"; };
		BB67C13F29C2199F0093871B /* Base */ = {isa = PBXFileReference; lastKnownFileType = file.storyboard; name = Base; path = Base.lproj/LaunchScreen.storyboard; sourceTree = "<group>"; };
		BB67C14129C2199F0093871B /* Info.plist */ = {isa = PBXFileReference; lastKnownFileType = text.plist.xml; path = Info.plist; sourceTree = "<group>"; };
		BB67C14729C220830093871B /* LoginViewController.swift */ = {isa = PBXFileReference; lastKnownFileType = sourcecode.swift; path = LoginViewController.swift; sourceTree = "<group>"; };
		BB67C14929C220950093871B /* SignupViewController.swift */ = {isa = PBXFileReference; lastKnownFileType = sourcecode.swift; path = SignupViewController.swift; sourceTree = "<group>"; };
		BB67C14B29C220B00093871B /* ForgetPasswordViewController.swift */ = {isa = PBXFileReference; lastKnownFileType = sourcecode.swift; path = ForgetPasswordViewController.swift; sourceTree = "<group>"; };
		BB67C14D29C220D60093871B /* UpdatePasswordViewController.swift */ = {isa = PBXFileReference; lastKnownFileType = sourcecode.swift; path = UpdatePasswordViewController.swift; sourceTree = "<group>"; };
		BB67C14F29C221060093871B /* ListOfUsersAfterLoginTableViewController.swift */ = {isa = PBXFileReference; lastKnownFileType = sourcecode.swift; path = ListOfUsersAfterLoginTableViewController.swift; sourceTree = "<group>"; };
		BB67C15129C226AB0093871B /* User.swift */ = {isa = PBXFileReference; lastKnownFileType = sourcecode.swift; path = User.swift; sourceTree = "<group>"; };
/* End PBXFileReference section */

/* Begin PBXFrameworksBuildPhase section */
		BB67C12D29C2199E0093871B /* Frameworks */ = {
			isa = PBXFrameworksBuildPhase;
			buildActionMask = 2147483647;
			files = (
			);
			runOnlyForDeploymentPostprocessing = 0;
		};
/* End PBXFrameworksBuildPhase section */

/* Begin PBXGroup section */
		BB67C12729C2199E0093871B = {
			isa = PBXGroup;
			children = (
				BB67C13229C2199E0093871B /* Alireza */,
				BB67C13129C2199E0093871B /* Products */,
			);
			sourceTree = "<group>";
		};
		BB67C13129C2199E0093871B /* Products */ = {
			isa = PBXGroup;
			children = (
				BB67C13029C2199E0093871B /* Alireza.app */,
			);
			name = Products;
			sourceTree = "<group>";
		};
		BB67C13229C2199E0093871B /* Alireza */ = {
			isa = PBXGroup;
			children = (
				BB67C13329C2199E0093871B /* AppDelegate.swift */,
				BB67C13529C2199E0093871B /* SceneDelegate.swift */,
				BB67C13929C2199E0093871B /* Main.storyboard */,
				BB67C13C29C2199F0093871B /* Assets.xcassets */,
				BB67C13E29C2199F0093871B /* LaunchScreen.storyboard */,
				BB67C14129C2199F0093871B /* Info.plist */,
				BB67C14729C220830093871B /* LoginViewController.swift */,
				BB67C14929C220950093871B /* SignupViewController.swift */,
				BB67C14B29C220B00093871B /* ForgetPasswordViewController.swift */,
				BB67C14D29C220D60093871B /* UpdatePasswordViewController.swift */,
				BB67C14F29C221060093871B /* ListOfUsersAfterLoginTableViewController.swift */,
				BB67C15129C226AB0093871B /* User.swift */,
			);
			path = Alireza;
			sourceTree = "<group>";
		};
/* End PBXGroup section */

/* Begin PBXNativeTarget section */
		BB67C12F29C2199E0093871B /* Alireza */ = {
			isa = PBXNativeTarget;
			buildConfigurationList = BB67C14429C2199F0093871B /* Build configuration list for PBXNativeTarget "Alireza" */;
			buildPhases = (
				BB67C12C29C2199E0093871B /* Sources */,
				BB67C12D29C2199E0093871B /* Frameworks */,
				BB67C12E29C2199E0093871B /* Resources */,
			);
			buildRules = (
			);
			dependencies = (
			);
			name = Alireza;
			productName = Alireza;
			productReference = BB67C13029C2199E0093871B /* Alireza.app */;
			productType = "com.apple.product-type.application";
		};
/* End PBXNativeTarget section */

/* Begin PBXProject section */
		BB67C12829C2199E0093871B /* Project object */ = {
			isa = PBXProject;
			attributes = {
				BuildIndependentTargetsInParallel = 1;
				LastSwiftUpdateCheck = 1420;
				LastUpgradeCheck = 1420;
				TargetAttributes = {
					BB67C12F29C2199E0093871B = {
						CreatedOnToolsVersion = 14.2;
					};
				};
			};
			buildConfigurationList = BB67C12B29C2199E0093871B /* Build configuration list for PBXProject "Alireza" */;
			compatibilityVersion = "Xcode 14.0";
			developmentRegion = en;
			hasScannedForEncodings = 0;
			knownRegions = (
				en,
				Base,
			);
			mainGroup = BB67C12729C2199E0093871B;
			productRefGroup = BB67C13129C2199E0093871B /* Products */;
			projectDirPath = "";
			projectRoot = "";
			targets = (
				BB67C12F29C2199E0093871B /* Alireza */,
			);
		};
/* End PBXProject section */

/* Begin PBXResourcesBuildPhase section */
		BB67C12E29C2199E0093871B /* Resources */ = {
			isa = PBXResourcesBuildPhase;
			buildActionMask = 2147483647;
			files = (
				BB67C14029C2199F0093871B /* LaunchScreen.storyboard in Resources */,
				BB67C13D29C2199F0093871B /* Assets.xcassets in Resources */,
				BB67C13B29C2199E0093871B /* Main.storyboard in Resources */,
			);
			runOnlyForDeploymentPostprocessing = 0;
		};
/* End PBXResourcesBuildPhase section */

/* Begin PBXSourcesBuildPhase section */
		BB67C12C29C2199E0093871B /* Sources */ = {
			isa = PBXSourcesBuildPhase;
			buildActionMask = 2147483647;
			files = (
				BB67C14829C220830093871B /* LoginViewController.swift in Sources */,
				BB67C14A29C220950093871B /* SignupViewController.swift in Sources */,
				BB67C13429C2199E0093871B /* AppDelegate.swift in Sources */,
				BB67C14E29C220D60093871B /* UpdatePasswordViewController.swift in Sources */,
				BB67C15229C226AB0093871B /* User.swift in Sources */,
				BB67C14C29C220B00093871B /* ForgetPasswordViewController.swift in Sources */,
				BB67C15029C221060093871B /* ListOfUsersAfterLoginTableViewController.swift in Sources */,
				BB67C13629C2199E0093871B /* SceneDelegate.swift in Sources */,
			);
			runOnlyForDeploymentPostprocessing = 0;
		};
/* End PBXSourcesBuildPhase section */

/* Begin PBXVariantGroup section */
		BB67C13929C2199E0093871B /* Main.storyboard */ = {
			isa = PBXVariantGroup;
			children = (
				BB67C13A29C2199E0093871B /* Base */,
			);
			name = Main.storyboard;
			sourceTree = "<group>";
		};
		BB67C13E29C2199F0093871B /* LaunchScreen.storyboard */ = {
			isa = PBXVariantGroup;
			children = (
				BB67C13F29C2199F0093871B /* Base */,
			);
			name = LaunchScreen.storyboard;
			sourceTree = "<group>";
		};
/* End PBXVariantGroup section */

/* Begin XCBuildConfiguration section */
		BB67C14229C2199F0093871B /* Debug */ = {
			isa = XCBuildConfiguration;
			buildSettings = {
				ALWAYS_SEARCH_USER_PATHS = NO;
				CLANG_ANALYZER_NONNULL = YES;
				CLANG_ANALYZER_NUMBER_OBJECT_CONVERSION = YES_AGGRESSIVE;
				CLANG_CXX_LANGUAGE_STANDARD = "gnu++20";
				CLANG_ENABLE_MODULES = YES;
				CLANG_ENABLE_OBJC_ARC = YES;
				CLANG_ENABLE_OBJC_WEAK = YES;
				CLANG_WARN_BLOCK_CAPTURE_AUTORELEASING = YES;
				CLANG_WARN_BOOL_CONVERSION = YES;
				CLANG_WARN_COMMA = YES;
				CLANG_WARN_CONSTANT_CONVERSION = YES;
				CLANG_WARN_DEPRECATED_OBJC_IMPLEMENTATIONS = YES;
				CLANG_WARN_DIRECT_OBJC_ISA_USAGE = YES_ERROR;
				CLANG_WARN_DOCUMENTATION_COMMENTS = YES;
				CLANG_WARN_EMPTY_BODY = YES;
				CLANG_WARN_ENUM_CONVERSION = YES;
				CLANG_WARN_INFINITE_RECURSION = YES;
				CLANG_WARN_INT_CONVERSION = YES;
				CLANG_WARN_NON_LITERAL_NULL_CONVERSION = YES;
				CLANG_WARN_OBJC_IMPLICIT_RETAIN_SELF = YES;
				CLANG_WARN_OBJC_LITERAL_CONVERSION = YES;
				CLANG_WARN_OBJC_ROOT_CLASS = YES_ERROR;
				CLANG_WARN_QUOTED_INCLUDE_IN_FRAMEWORK_HEADER = YES;
				CLANG_WARN_RANGE_LOOP_ANALYSIS = YES;
				CLANG_WARN_STRICT_PROTOTYPES = YES;
				CLANG_WARN_SUSPICIOUS_MOVE = YES;
				CLANG_WARN_UNGUARDED_AVAILABILITY = YES_AGGRESSIVE;
				CLANG_WARN_UNREACHABLE_CODE = YES;
				CLANG_WARN__DUPLICATE_METHOD_MATCH = YES;
				COPY_PHASE_STRIP = NO;
				DEBUG_INFORMATION_FORMAT = dwarf;
				ENABLE_STRICT_OBJC_MSGSEND = YES;
				ENABLE_TESTABILITY = YES;
				GCC_C_LANGUAGE_STANDARD = gnu11;
				GCC_DYNAMIC_NO_PIC = NO;
				GCC_NO_COMMON_BLOCKS = YES;
				GCC_OPTIMIZATION_LEVEL = 0;
				GCC_PREPROCESSOR_DEFINITIONS = (
					"DEBUG=1",
					"$(inherited)",
				);
				GCC_WARN_64_TO_32_BIT_CONVERSION = YES;
				GCC_WARN_ABOUT_RETURN_TYPE = YES_ERROR;
				GCC_WARN_UNDECLARED_SELECTOR = YES;
				GCC_WARN_UNINITIALIZED_AUTOS = YES_AGGRESSIVE;
				GCC_WARN_UNUSED_FUNCTION = YES;
				GCC_WARN_UNUSED_VARIABLE = YES;
				IPHONEOS_DEPLOYMENT_TARGET = 16.2;
				MTL_ENABLE_DEBUG_INFO = INCLUDE_SOURCE;
				MTL_FAST_MATH = YES;
				ONLY_ACTIVE_ARCH = YES;
				SDKROOT = iphoneos;
				SWIFT_ACTIVE_COMPILATION_CONDITIONS = DEBUG;
				SWIFT_OPTIMIZATION_LEVEL = "-Onone";
			};
			name = Debug;
		};
		BB67C14329C2199F0093871B /* Release */ = {
			isa = XCBuildConfiguration;
			buildSettings = {
				ALWAYS_SEARCH_USER_PATHS = NO;
				CLANG_ANALYZER_NONNULL = YES;
				CLANG_ANALYZER_NUMBER_OBJECT_CONVERSION = YES_AGGRESSIVE;
				CLANG_CXX_LANGUAGE_STANDARD = "gnu++20";
				CLANG_ENABLE_MODULES = YES;
				CLANG_ENABLE_OBJC_ARC = YES;
				CLANG_ENABLE_OBJC_WEAK = YES;
				CLANG_WARN_BLOCK_CAPTURE_AUTORELEASING = YES;
				CLANG_WARN_BOOL_CONVERSION = YES;
				CLANG_WARN_COMMA = YES;
				CLANG_WARN_CONSTANT_CONVERSION = YES;
				CLANG_WARN_DEPRECATED_OBJC_IMPLEMENTATIONS = YES;
				CLANG_WARN_DIRECT_OBJC_ISA_USAGE = YES_ERROR;
				CLANG_WARN_DOCUMENTATION_COMMENTS = YES;
				CLANG_WARN_EMPTY_BODY = YES;
				CLANG_WARN_ENUM_CONVERSION = YES;
				CLANG_WARN_INFINITE_RECURSION = YES;
				CLANG_WARN_INT_CONVERSION = YES;
				CLANG_WARN_NON_LITERAL_NULL_CONVERSION = YES;
				CLANG_WARN_OBJC_IMPLICIT_RETAIN_SELF = YES;
				CLANG_WARN_OBJC_LITERAL_CONVERSION = YES;
				CLANG_WARN_OBJC_ROOT_CLASS = YES_ERROR;
				CLANG_WARN_QUOTED_INCLUDE_IN_FRAMEWORK_HEADER = YES;
				CLANG_WARN_RANGE_LOOP_ANALYSIS = YES;
				CLANG_WARN_STRICT_PROTOTYPES = YES;
				CLANG_WARN_SUSPICIOUS_MOVE = YES;
				CLANG_WARN_UNGUARDED_AVAILABILITY = YES_AGGRESSIVE;
				CLANG_WARN_UNREACHABLE_CODE = YES;
				CLANG_WARN__DUPLICATE_METHOD_MATCH = YES;
				COPY_PHASE_STRIP = NO;
				DEBUG_INFORMATION_FORMAT = "dwarf-with-dsym";
				ENABLE_NS_ASSERTIONS = NO;
				ENABLE_STRICT_OBJC_MSGSEND = YES;
				GCC_C_LANGUAGE_STANDARD = gnu11;
				GCC_NO_COMMON_BLOCKS = YES;
				GCC_WARN_64_TO_32_BIT_CONVERSION = YES;
				GCC_WARN_ABOUT_RETURN_TYPE = YES_ERROR;
				GCC_WARN_UNDECLARED_SELECTOR = YES;
				GCC_WARN_UNINITIALIZED_AUTOS = YES_AGGRESSIVE;
				GCC_WARN_UNUSED_FUNCTION = YES;
				GCC_WARN_UNUSED_VARIABLE = YES;
				IPHONEOS_DEPLOYMENT_TARGET = 16.2;
				MTL_ENABLE_DEBUG_INFO = NO;
				MTL_FAST_MATH = YES;
				SDKROOT = iphoneos;
				SWIFT_COMPILATION_MODE = wholemodule;
				SWIFT_OPTIMIZATION_LEVEL = "-O";
				VALIDATE_PRODUCT = YES;
			};
			name = Release;
		};
		BB67C14529C2199F0093871B /* Debug */ = {
			isa = XCBuildConfiguration;
			buildSettings = {
				ASSETCATALOG_COMPILER_APPICON_NAME = AppIcon;
				ASSETCATALOG_COMPILER_GLOBAL_ACCENT_COLOR_NAME = AccentColor;
				CODE_SIGN_STYLE = Automatic;
				CURRENT_PROJECT_VERSION = 1;
				DEVELOPMENT_TEAM = N4BF83XD3Q;
				GENERATE_INFOPLIST_FILE = YES;
				INFOPLIST_FILE = Alireza/Info.plist;
				INFOPLIST_KEY_UIApplicationSupportsIndirectInputEvents = YES;
				INFOPLIST_KEY_UILaunchStoryboardName = LaunchScreen;
				INFOPLIST_KEY_UIMainStoryboardFile = Main;
				INFOPLIST_KEY_UISupportedInterfaceOrientations_iPad = "UIInterfaceOrientationPortrait UIInterfaceOrientationPortraitUpsideDown UIInterfaceOrientationLandscapeLeft UIInterfaceOrientationLandscapeRight";
				INFOPLIST_KEY_UISupportedInterfaceOrientations_iPhone = "UIInterfaceOrientationPortrait UIInterfaceOrientationLandscapeLeft UIInterfaceOrientationLandscapeRight";
				LD_RUNPATH_SEARCH_PATHS = (
					"$(inherited)",
					"@executable_path/Frameworks",
				);
				MARKETING_VERSION = 1.0;
				PRODUCT_BUNDLE_IDENTIFIER = ca.zentex.Alireza;
				PRODUCT_NAME = "$(TARGET_NAME)";
				SWIFT_EMIT_LOC_STRINGS = YES;
				SWIFT_VERSION = 5.0;
				TARGETED_DEVICE_FAMILY = "1,2";
			};
			name = Debug;
		};
		BB67C14629C2199F0093871B /* Release */ = {
			isa = XCBuildConfiguration;
			buildSettings = {
				ASSETCATALOG_COMPILER_APPICON_NAME = AppIcon;
				ASSETCATALOG_COMPILER_GLOBAL_ACCENT_COLOR_NAME = AccentColor;
				CODE_SIGN_STYLE = Automatic;
				CURRENT_PROJECT_VERSION = 1;
				DEVELOPMENT_TEAM = N4BF83XD3Q;
				GENERATE_INFOPLIST_FILE = YES;
				INFOPLIST_FILE = Alireza/Info.plist;
				INFOPLIST_KEY_UIApplicationSupportsIndirectInputEvents = YES;
				INFOPLIST_KEY_UILaunchStoryboardName = LaunchScreen;
				INFOPLIST_KEY_UIMainStoryboardFile = Main;
				INFOPLIST_KEY_UISupportedInterfaceOrientations_iPad = "UIInterfaceOrientationPortrait UIInterfaceOrientationPortraitUpsideDown UIInterfaceOrientationLandscapeLeft UIInterfaceOrientationLandscapeRight";
				INFOPLIST_KEY_UISupportedInterfaceOrientations_iPhone = "UIInterfaceOrientationPortrait UIInterfaceOrientationLandscapeLeft UIInterfaceOrientationLandscapeRight";
				LD_RUNPATH_SEARCH_PATHS = (
					"$(inherited)",
					"@executable_path/Frameworks",
				);
				MARKETING_VERSION = 1.0;
				PRODUCT_BUNDLE_IDENTIFIER = ca.zentex.Alireza;
				PRODUCT_NAME = "$(TARGET_NAME)";
				SWIFT_EMIT_LOC_STRINGS = YES;
				SWIFT_VERSION = 5.0;
				TARGETED_DEVICE_FAMILY = "1,2";
			};
			name = Release;
		};
/* End XCBuildConfiguration section */

/* Begin XCConfigurationList section */
		BB67C12B29C2199E0093871B /* Build configuration list for PBXProject "Alireza" */ = {
			isa = XCConfigurationList;
			buildConfigurations = (
				BB67C14229C2199F0093871B /* Debug */,
				BB67C14329C2199F0093871B /* Release */,
			);
			defaultConfigurationIsVisible = 0;
			defaultConfigurationName = Release;
		};
		BB67C14429C2199F0093871B /* Build configuration list for PBXNativeTarget "Alireza" */ = {
			isa = XCConfigurationList;
			buildConfigurations = (
				BB67C14529C2199F0093871B /* Debug */,
				BB67C14629C2199F0093871B /* Release */,
			);
			defaultConfigurationIsVisible = 0;
			defaultConfigurationName = Release;
		};
/* End XCConfigurationList section */
	};
	rootObject = BB67C12829C2199E0093871B /* Project object */;
}
